
Microsoft Visual Studio Solution File, Format Version 12.00
# Visual Studio Version 17
VisualStudioVersion = 17.8.34525.116
MinimumVisualStudioVersion = 10.0.40219.1
Project("{9A19103F-16F7-4668-BE54-9A1E7A4F7556}") = "lab12", "lab12\lab12.csproj", "{3F180CD7-11A9-47FA-BD30-B00298D25AEE}"
EndProject
Project("{9A19103F-16F7-4668-BE54-9A1E7A4F7556}") = "test", "test\test.csproj", "{89A759AE-7C5D-40CD-B6AF-DEF960E10B1B}"
EndProject
Global
	GlobalSection(SolutionConfigurationPlatforms) = preSolution
		Debug|Any CPU = Debug|Any CPU
		Release|Any CPU = Release|Any CPU
	EndGlobalSection
	GlobalSection(ProjectConfigurationPlatforms) = postSolution
		{3F180CD7-11A9-47FA-BD30-B00298D25AEE}.Debug|Any CPU.ActiveCfg = Debug|Any CPU
		{3F180CD7-11A9-47FA-BD30-B00298D25AEE}.Debug|Any CPU.Build.0 = Debug|Any CPU
		{3F180CD7-11A9-47FA-BD30-B00298D25AEE}.Release|Any CPU.ActiveCfg = Release|Any CPU
		{3F180CD7-11A9-47FA-BD30-B00298D25AEE}.Release|Any CPU.Build.0 = Release|Any CPU
		{89A759AE-7C5D-40CD-B6AF-DEF960E10B1B}.Debug|Any CPU.ActiveCfg = Debug|Any CPU
		{89A759AE-7C5D-40CD-B6AF-DEF960E10B1B}.Debug|Any CPU.Build.0 = Debug|Any CPU
		{89A759AE-7C5D-40CD-B6AF-DEF960E10B1B}.Release|Any CPU.ActiveCfg = Release|Any CPU
		{89A759AE-7C5D-40CD-B6AF-DEF960E10B1B}.Release|Any CPU.Build.0 = Release|Any CPU
	EndGlobalSection
	GlobalSection(SolutionProperties) = preSolution
		HideSolutionNode = FALSE
	EndGlobalSection
	GlobalSection(ExtensibilityGlobals) = postSolution
		SolutionGuid = {D5939E5D-6B41-469C-BE00-2256BC2C0E92}
	EndGlobalSection
EndGlobal
